PODS:
  - OHHTTPStubs (3.1.5):
    - OHHTTPStubs/Core
  - OHHTTPStubs/Core (3.1.5)
  - TBDirectory (0.3.1):
    - TBDirectory/Core
  - TBDirectory/Core (0.3.1)
  - TBDirectory/Testing (0.3.1):
    - OHHTTPStubs

DEPENDENCIES:
  - TBDirectory
  - TBDirectory/Testing

SPEC CHECKSUMS:
  OHHTTPStubs: c1e362552b71b81e1deb7a80f44c51585b946c43
  TBDirectory: f7ae673d44fd800dce3344eeb96e7f9ccc8d0cd1

COCOAPODS: 0.33.1
