PODS:
  - KHGravatar (1.0.0):
    - KHGravatar/Core
  - KHGravatar/Core (1.0.0)
  - OHHTTPStubs (3.1.6):
    - OHHTTPStubs/Core
  - OHHTTPStubs/Core (3.1.6)
  - TBDirectory (0.3.1):
    - TBDirectory/Core
  - TBDirectory/Core (0.3.1)
  - TBDirectory/Testing (0.3.1):
    - OHHTTPStubs

DEPENDENCIES:
  - KHGravatar
  - TBDirectory
  - TBDirectory/Testing

SPEC CHECKSUMS:
  KHGravatar: 2cfcd96c5ddf112ef3d960b7faa4885288824c65
  OHHTTPStubs: 6781373b69e0a67b27239799f11764d0fbefac55
  TBDirectory: f7ae673d44fd800dce3344eeb96e7f9ccc8d0cd1

COCOAPODS: 0.34.4
