// !$*UTF8*$!
{
	archiveVersion = 1;
	classes = {
	};
	objectVersion = 46;
	objects = {

/* Begin PBXBuildFile section */
		34B7A3553E5044E0851CFF2F /* libPods-unit_tests.a in Frameworks */ = {isa = PBXBuildFile; fileRef = 82218AF580F9488ABEF05E92 /* libPods-unit_tests.a */; };
		D7615D4E4357469D9B308FB0 /* libPods.a in Frameworks */ = {isa = PBXBuildFile; fileRef = 6777A195338246A5ADDD71FC /* libPods.a */; };
		F802B5C719CA1A93009202FC /* TBEmployee+Gravatar.swift in Sources */ = {isa = PBXBuildFile; fileRef = F802B5C619CA1A93009202FC /* TBEmployee+Gravatar.swift */; };
		F802B5C919CA1AE9009202FC /* Global.swift in Sources */ = {isa = PBXBuildFile; fileRef = F802B5C819CA1AE9009202FC /* Global.swift */; };
		F802B5CB19CA1B8D009202FC /* TBEmployeeRole+Printable.swift in Sources */ = {isa = PBXBuildFile; fileRef = F802B5CA19CA1B8D009202FC /* TBEmployeeRole+Printable.swift */; };
		F802B5CD19CA1BBA009202FC /* AsyncLoadingImageView.swift in Sources */ = {isa = PBXBuildFile; fileRef = F802B5CC19CA1BBA009202FC /* AsyncLoadingImageView.swift */; };
		F802B5CF19CA1C10009202FC /* EmployeeCell.swift in Sources */ = {isa = PBXBuildFile; fileRef = F802B5CE19CA1C10009202FC /* EmployeeCell.swift */; };
		F802B5D119CA2250009202FC /* NSURLSession+FetchData.swift in Sources */ = {isa = PBXBuildFile; fileRef = F802B5D019CA2250009202FC /* NSURLSession+FetchData.swift */; };
		F824D63819C8BC2F00537282 /* AppDelegate.swift in Sources */ = {isa = PBXBuildFile; fileRef = F824D61E19C8BC2F00537282 /* AppDelegate.swift */; };
		F824D63F19C8BC2F00537282 /* Images.xcassets in Resources */ = {isa = PBXBuildFile; fileRef = F824D62B19C8BC2F00537282 /* Images.xcassets */; };
		F824D65019C8BD9A00537282 /* Main.storyboard in Resources */ = {isa = PBXBuildFile; fileRef = F824D64F19C8BD9A00537282 /* Main.storyboard */; };
		F824D65219C8BE7A00537282 /* Launch Screen.xib in Resources */ = {isa = PBXBuildFile; fileRef = F824D65119C8BE7A00537282 /* Launch Screen.xib */; };
		F87AFA4F19CB490E00EDEAE3 /* ImageCache.swift in Sources */ = {isa = PBXBuildFile; fileRef = F87AFA4E19CB490E00EDEAE3 /* ImageCache.swift */; };
		F87AFA5419CB6A9F00EDEAE3 /* EmployeeListViewModel.swift in Sources */ = {isa = PBXBuildFile; fileRef = F87AFA5319CB6A9F00EDEAE3 /* EmployeeListViewModel.swift */; };
		F87AFA7419CB736900EDEAE3 /* Quick.framework in Frameworks */ = {isa = PBXBuildFile; fileRef = F87AFA5E19CB733200EDEAE3 /* Quick.framework */; };
		F87AFA7519CB737300EDEAE3 /* Nimble.framework in Frameworks */ = {isa = PBXBuildFile; fileRef = F87AFA6D19CB733E00EDEAE3 /* Nimble.framework */; };
		F87AFA7919CB74F200EDEAE3 /* EmployeeListViewModelSpec.swift in Sources */ = {isa = PBXBuildFile; fileRef = F87AFA7819CB74F200EDEAE3 /* EmployeeListViewModelSpec.swift */; };
		F87B7A5319C8DBCD00D310EF /* EmployeesViewController.swift in Sources */ = {isa = PBXBuildFile; fileRef = F87B7A5219C8DBCD00D310EF /* EmployeesViewController.swift */; };
		F8D8071519D0764800E1D3A2 /* EmployeeViewModelSpec.swift in Sources */ = {isa = PBXBuildFile; fileRef = F8D8071419D0764800E1D3A2 /* EmployeeViewModelSpec.swift */; };
		F8D8071F19D0A27100E1D3A2 /* EmployeeViewModel.swift in Sources */ = {isa = PBXBuildFile; fileRef = F8D8071E19D0A27100E1D3A2 /* EmployeeViewModel.swift */; };
/* End PBXBuildFile section */

/* Begin PBXContainerItemProxy section */
		F824D60519C8B7D700537282 /* PBXContainerItemProxy */ = {
			isa = PBXContainerItemProxy;
			containerPortal = F824D5E719C8B7D700537282 /* Project object */;
			proxyType = 1;
			remoteGlobalIDString = F824D5EE19C8B7D700537282;
			remoteInfo = roster;
		};
		F87AFA5D19CB733200EDEAE3 /* PBXContainerItemProxy */ = {
			isa = PBXContainerItemProxy;
			containerPortal = F87AFA5519CB733200EDEAE3 /* Quick.xcodeproj */;
			proxyType = 2;
			remoteGlobalIDString = DAEB6B8E1943873100289F44;
			remoteInfo = Quick;
		};
		F87AFA5F19CB733200EDEAE3 /* PBXContainerItemProxy */ = {
			isa = PBXContainerItemProxy;
			containerPortal = F87AFA5519CB733200EDEAE3 /* Quick.xcodeproj */;
			proxyType = 2;
			remoteGlobalIDString = DAEB6B991943873100289F44;
			remoteInfo = QuickTests;
		};
		F87AFA6119CB733200EDEAE3 /* PBXContainerItemProxy */ = {
			isa = PBXContainerItemProxy;
			containerPortal = F87AFA5519CB733200EDEAE3 /* Quick.xcodeproj */;
			proxyType = 2;
			remoteGlobalIDString = 5A5D117C19473F2100F6D13D;
			remoteInfo = "Quick-iOS";
		};
		F87AFA6319CB733200EDEAE3 /* PBXContainerItemProxy */ = {
			isa = PBXContainerItemProxy;
			containerPortal = F87AFA5519CB733200EDEAE3 /* Quick.xcodeproj */;
			proxyType = 2;
			remoteGlobalIDString = 5A5D118619473F2100F6D13D;
			remoteInfo = "Quick-iOSTests";
		};
		F87AFA6C19CB733E00EDEAE3 /* PBXContainerItemProxy */ = {
			isa = PBXContainerItemProxy;
			containerPortal = F87AFA6519CB733E00EDEAE3 /* Nimble.xcodeproj */;
			proxyType = 2;
			remoteGlobalIDString = 1F1A74291940169200FFFC47;
			remoteInfo = "Nimble-iOS";
		};
		F87AFA6E19CB733E00EDEAE3 /* PBXContainerItemProxy */ = {
			isa = PBXContainerItemProxy;
			containerPortal = F87AFA6519CB733E00EDEAE3 /* Nimble.xcodeproj */;
			proxyType = 2;
			remoteGlobalIDString = 1F1A74341940169200FFFC47;
			remoteInfo = "Nimble-iOSTests";
		};
		F87AFA7019CB733E00EDEAE3 /* PBXContainerItemProxy */ = {
			isa = PBXContainerItemProxy;
			containerPortal = F87AFA6519CB733E00EDEAE3 /* Nimble.xcodeproj */;
			proxyType = 2;
			remoteGlobalIDString = 1F925EAD195C0D6300ED456B;
			remoteInfo = "Nimble-OSX";
		};
		F87AFA7219CB733E00EDEAE3 /* PBXContainerItemProxy */ = {
			isa = PBXContainerItemProxy;
			containerPortal = F87AFA6519CB733E00EDEAE3 /* Nimble.xcodeproj */;
			proxyType = 2;
			remoteGlobalIDString = 1F925EB7195C0D6300ED456B;
			remoteInfo = "Nimble-OSXTests";
		};
/* End PBXContainerItemProxy section */

/* Begin PBXFileReference section */
		43F0A4DA10FF497E9C74B9CD /* Pods.xcconfig */ = {isa = PBXFileReference; includeInIndex = 1; lastKnownFileType = text.xcconfig; name = Pods.xcconfig; path = Pods/Pods.xcconfig; sourceTree = "<group>"; };
		6777A195338246A5ADDD71FC /* libPods.a */ = {isa = PBXFileReference; explicitFileType = archive.ar; includeInIndex = 0; path = libPods.a; sourceTree = BUILT_PRODUCTS_DIR; };
		82218AF580F9488ABEF05E92 /* libPods-unit_tests.a */ = {isa = PBXFileReference; explicitFileType = archive.ar; includeInIndex = 0; path = "libPods-unit_tests.a"; sourceTree = BUILT_PRODUCTS_DIR; };
		F56827488694440AB6D812D4 /* Pods-unit_tests.xcconfig */ = {isa = PBXFileReference; includeInIndex = 1; lastKnownFileType = text.xcconfig; name = "Pods-unit_tests.xcconfig"; path = "Pods/Pods-unit_tests.xcconfig"; sourceTree = "<group>"; };
		F802B5C619CA1A93009202FC /* TBEmployee+Gravatar.swift */ = {isa = PBXFileReference; fileEncoding = 4; lastKnownFileType = sourcecode.swift; path = "TBEmployee+Gravatar.swift"; sourceTree = "<group>"; };
		F802B5C819CA1AE9009202FC /* Global.swift */ = {isa = PBXFileReference; fileEncoding = 4; lastKnownFileType = sourcecode.swift; path = Global.swift; sourceTree = "<group>"; };
		F802B5CA19CA1B8D009202FC /* TBEmployeeRole+Printable.swift */ = {isa = PBXFileReference; fileEncoding = 4; lastKnownFileType = sourcecode.swift; path = "TBEmployeeRole+Printable.swift"; sourceTree = "<group>"; };
		F802B5CC19CA1BBA009202FC /* AsyncLoadingImageView.swift */ = {isa = PBXFileReference; fileEncoding = 4; lastKnownFileType = sourcecode.swift; path = AsyncLoadingImageView.swift; sourceTree = "<group>"; };
		F802B5CE19CA1C10009202FC /* EmployeeCell.swift */ = {isa = PBXFileReference; fileEncoding = 4; lastKnownFileType = sourcecode.swift; path = EmployeeCell.swift; sourceTree = "<group>"; };
		F802B5D019CA2250009202FC /* NSURLSession+FetchData.swift */ = {isa = PBXFileReference; fileEncoding = 4; lastKnownFileType = sourcecode.swift; path = "NSURLSession+FetchData.swift"; sourceTree = "<group>"; };
		F824D5EF19C8B7D700537282 /* roster.app */ = {isa = PBXFileReference; explicitFileType = wrapper.application; includeInIndex = 0; path = roster.app; sourceTree = BUILT_PRODUCTS_DIR; };
		F824D60419C8B7D700537282 /* UnitTests.xctest */ = {isa = PBXFileReference; explicitFileType = wrapper.cfbundle; includeInIndex = 0; path = UnitTests.xctest; sourceTree = BUILT_PRODUCTS_DIR; };
		F824D61E19C8BC2F00537282 /* AppDelegate.swift */ = {isa = PBXFileReference; fileEncoding = 4; lastKnownFileType = sourcecode.swift; path = AppDelegate.swift; sourceTree = "<group>"; };
		F824D62B19C8BC2F00537282 /* Images.xcassets */ = {isa = PBXFileReference; lastKnownFileType = folder.assetcatalog; path = Images.xcassets; sourceTree = "<group>"; };
		F824D63019C8BC2F00537282 /* roster-Info.plist */ = {isa = PBXFileReference; fileEncoding = 4; lastKnownFileType = text.plist.xml; path = "roster-Info.plist"; sourceTree = "<group>"; };
		F824D64819C8BC3F00537282 /* UnitTests-Info.plist */ = {isa = PBXFileReference; fileEncoding = 4; lastKnownFileType = text.plist.xml; path = "UnitTests-Info.plist"; sourceTree = "<group>"; };
		F824D64F19C8BD9A00537282 /* Main.storyboard */ = {isa = PBXFileReference; fileEncoding = 4; lastKnownFileType = file.storyboard; path = Main.storyboard; sourceTree = "<group>"; };
		F824D65119C8BE7A00537282 /* Launch Screen.xib */ = {isa = PBXFileReference; fileEncoding = 4; lastKnownFileType = file.xib; path = "Launch Screen.xib"; sourceTree = "<group>"; };
		F87AFA4E19CB490E00EDEAE3 /* ImageCache.swift */ = {isa = PBXFileReference; fileEncoding = 4; lastKnownFileType = sourcecode.swift; path = ImageCache.swift; sourceTree = "<group>"; };
		F87AFA5319CB6A9F00EDEAE3 /* EmployeeListViewModel.swift */ = {isa = PBXFileReference; fileEncoding = 4; lastKnownFileType = sourcecode.swift; path = EmployeeListViewModel.swift; sourceTree = "<group>"; };
		F87AFA5519CB733200EDEAE3 /* Quick.xcodeproj */ = {isa = PBXFileReference; lastKnownFileType = "wrapper.pb-project"; name = Quick.xcodeproj; path = Vendor/Quick/Quick/Quick.xcodeproj; sourceTree = SOURCE_ROOT; };
		F87AFA6519CB733E00EDEAE3 /* Nimble.xcodeproj */ = {isa = PBXFileReference; lastKnownFileType = "wrapper.pb-project"; name = Nimble.xcodeproj; path = Vendor/Nimble/Nimble.xcodeproj; sourceTree = SOURCE_ROOT; };
		F87AFA7819CB74F200EDEAE3 /* EmployeeListViewModelSpec.swift */ = {isa = PBXFileReference; fileEncoding = 4; lastKnownFileType = sourcecode.swift; path = EmployeeListViewModelSpec.swift; sourceTree = "<group>"; };
		F87AFA7A19CB753600EDEAE3 /* UnitTests-Bridging-Header.h */ = {isa = PBXFileReference; lastKnownFileType = sourcecode.c.h; path = "UnitTests-Bridging-Header.h"; sourceTree = "<group>"; };
		F87B7A5219C8DBCD00D310EF /* EmployeesViewController.swift */ = {isa = PBXFileReference; fileEncoding = 4; lastKnownFileType = sourcecode.swift; path = EmployeesViewController.swift; sourceTree = "<group>"; };
		F87B7A5919C8DEBC00D310EF /* roster-Bridging-Header.h */ = {isa = PBXFileReference; fileEncoding = 4; lastKnownFileType = sourcecode.c.h; path = "roster-Bridging-Header.h"; sourceTree = "<group>"; };
		F8D8071419D0764800E1D3A2 /* EmployeeViewModelSpec.swift */ = {isa = PBXFileReference; fileEncoding = 4; lastKnownFileType = sourcecode.swift; path = EmployeeViewModelSpec.swift; sourceTree = "<group>"; };
		F8D8071E19D0A27100E1D3A2 /* EmployeeViewModel.swift */ = {isa = PBXFileReference; fileEncoding = 4; lastKnownFileType = sourcecode.swift; path = EmployeeViewModel.swift; sourceTree = "<group>"; };
/* End PBXFileReference section */

/* Begin PBXFrameworksBuildPhase section */
		F824D5EC19C8B7D700537282 /* Frameworks */ = {
			isa = PBXFrameworksBuildPhase;
			buildActionMask = 2147483647;
			files = (
				D7615D4E4357469D9B308FB0 /* libPods.a in Frameworks */,
			);
			runOnlyForDeploymentPostprocessing = 0;
		};
		F824D60119C8B7D700537282 /* Frameworks */ = {
			isa = PBXFrameworksBuildPhase;
			buildActionMask = 2147483647;
			files = (
				F87AFA7519CB737300EDEAE3 /* Nimble.framework in Frameworks */,
				F87AFA7419CB736900EDEAE3 /* Quick.framework in Frameworks */,
				34B7A3553E5044E0851CFF2F /* libPods-unit_tests.a in Frameworks */,
			);
			runOnlyForDeploymentPostprocessing = 0;
		};
/* End PBXFrameworksBuildPhase section */

/* Begin PBXGroup section */
		2B6B47C5F7954F40A2320128 /* Frameworks */ = {
			isa = PBXGroup;
			children = (
				6777A195338246A5ADDD71FC /* libPods.a */,
				82218AF580F9488ABEF05E92 /* libPods-unit_tests.a */,
			);
			name = Frameworks;
			sourceTree = "<group>";
		};
		F824D5E619C8B7D700537282 = {
			isa = PBXGroup;
			children = (
				F824D61419C8BC2E00537282 /* roster */,
				F824D64419C8BC3F00537282 /* UnitTests */,
				F824D5F019C8B7D700537282 /* Products */,
				2B6B47C5F7954F40A2320128 /* Frameworks */,
				43F0A4DA10FF497E9C74B9CD /* Pods.xcconfig */,
				F56827488694440AB6D812D4 /* Pods-unit_tests.xcconfig */,
			);
			indentWidth = 4;
			sourceTree = "<group>";
			tabWidth = 4;
			usesTabs = 0;
		};
		F824D5F019C8B7D700537282 /* Products */ = {
			isa = PBXGroup;
			children = (
				F824D5EF19C8B7D700537282 /* roster.app */,
				F824D60419C8B7D700537282 /* UnitTests.xctest */,
			);
			name = Products;
			sourceTree = "<group>";
		};
		F824D61419C8BC2E00537282 /* roster */ = {
			isa = PBXGroup;
			children = (
				F824D61619C8BC2E00537282 /* Classes */,
				F824D62519C8BC2F00537282 /* Constants */,
				F824D62719C8BC2F00537282 /* Extensions */,
				F824D62919C8BC2F00537282 /* Resources */,
				F802B5C819CA1AE9009202FC /* Global.swift */,
			);
			path = roster;
			sourceTree = "<group>";
		};
		F824D61619C8BC2E00537282 /* Classes */ = {
			isa = PBXGroup;
			children = (
				F87AFA5219CB6A8800EDEAE3 /* ViewModels */,
				F824D61819C8BC2F00537282 /* Controllers */,
				F824D61A19C8BC2F00537282 /* DataSources */,
				F824D61C19C8BC2F00537282 /* Delegates */,
				F824D61F19C8BC2F00537282 /* Models */,
				F824D62119C8BC2F00537282 /* ViewControllers */,
				F824D62319C8BC2F00537282 /* Views */,
			);
			path = Classes;
			sourceTree = "<group>";
		};
		F824D61819C8BC2F00537282 /* Controllers */ = {
			isa = PBXGroup;
			children = (
			);
			path = Controllers;
			sourceTree = "<group>";
		};
		F824D61A19C8BC2F00537282 /* DataSources */ = {
			isa = PBXGroup;
			children = (
			);
			path = DataSources;
			sourceTree = "<group>";
		};
		F824D61C19C8BC2F00537282 /* Delegates */ = {
			isa = PBXGroup;
			children = (
				F824D61E19C8BC2F00537282 /* AppDelegate.swift */,
			);
			path = Delegates;
			sourceTree = "<group>";
		};
		F824D61F19C8BC2F00537282 /* Models */ = {
			isa = PBXGroup;
			children = (
				F87AFA4E19CB490E00EDEAE3 /* ImageCache.swift */,
			);
			path = Models;
			sourceTree = "<group>";
		};
		F824D62119C8BC2F00537282 /* ViewControllers */ = {
			isa = PBXGroup;
			children = (
				F87B7A5219C8DBCD00D310EF /* EmployeesViewController.swift */,
			);
			path = ViewControllers;
			sourceTree = "<group>";
		};
		F824D62319C8BC2F00537282 /* Views */ = {
			isa = PBXGroup;
			children = (
				F802B5CC19CA1BBA009202FC /* AsyncLoadingImageView.swift */,
				F802B5CE19CA1C10009202FC /* EmployeeCell.swift */,
			);
			path = Views;
			sourceTree = "<group>";
		};
		F824D62519C8BC2F00537282 /* Constants */ = {
			isa = PBXGroup;
			children = (
			);
			path = Constants;
			sourceTree = "<group>";
		};
		F824D62719C8BC2F00537282 /* Extensions */ = {
			isa = PBXGroup;
			children = (
				F802B5C619CA1A93009202FC /* TBEmployee+Gravatar.swift */,
				F802B5CA19CA1B8D009202FC /* TBEmployeeRole+Printable.swift */,
				F802B5D019CA2250009202FC /* NSURLSession+FetchData.swift */,
			);
			path = Extensions;
			sourceTree = "<group>";
		};
		F824D62919C8BC2F00537282 /* Resources */ = {
			isa = PBXGroup;
			children = (
				F824D62B19C8BC2F00537282 /* Images.xcassets */,
				F824D62C19C8BC2F00537282 /* Nibs */,
				F824D62E19C8BC2F00537282 /* Other-Sources */,
				F824D63119C8BC2F00537282 /* Storyboards */,
				F824D65119C8BE7A00537282 /* Launch Screen.xib */,
			);
			path = Resources;
			sourceTree = "<group>";
		};
		F824D62C19C8BC2F00537282 /* Nibs */ = {
			isa = PBXGroup;
			children = (
			);
			path = Nibs;
			sourceTree = "<group>";
		};
		F824D62E19C8BC2F00537282 /* Other-Sources */ = {
			isa = PBXGroup;
			children = (
				F87B7A5919C8DEBC00D310EF /* roster-Bridging-Header.h */,
				F824D63019C8BC2F00537282 /* roster-Info.plist */,
			);
			path = "Other-Sources";
			sourceTree = "<group>";
		};
		F824D63119C8BC2F00537282 /* Storyboards */ = {
			isa = PBXGroup;
			children = (
				F824D64F19C8BD9A00537282 /* Main.storyboard */,
			);
			path = Storyboards;
			sourceTree = "<group>";
		};
		F824D64419C8BC3F00537282 /* UnitTests */ = {
			isa = PBXGroup;
			children = (
				F824D64619C8BC3F00537282 /* Resources */,
				F824D64919C8BC3F00537282 /* Tests */,
			);
			path = UnitTests;
			sourceTree = "<group>";
		};
		F824D64619C8BC3F00537282 /* Resources */ = {
			isa = PBXGroup;
			children = (
				F87AFA6519CB733E00EDEAE3 /* Nimble.xcodeproj */,
				F87AFA5519CB733200EDEAE3 /* Quick.xcodeproj */,
				F824D64819C8BC3F00537282 /* UnitTests-Info.plist */,
				F87AFA7A19CB753600EDEAE3 /* UnitTests-Bridging-Header.h */,
			);
			path = Resources;
			sourceTree = "<group>";
		};
		F824D64919C8BC3F00537282 /* Tests */ = {
			isa = PBXGroup;
			children = (
				F87AFA7619CB74C800EDEAE3 /* ViewModels */,
			);
			path = Tests;
			sourceTree = "<group>";
		};
		F87AFA5219CB6A8800EDEAE3 /* ViewModels */ = {
			isa = PBXGroup;
			children = (
				F87AFA5319CB6A9F00EDEAE3 /* EmployeeListViewModel.swift */,
				F8D8071E19D0A27100E1D3A2 /* EmployeeViewModel.swift */,
			);
			path = ViewModels;
			sourceTree = "<group>";
		};
		F87AFA5619CB733200EDEAE3 /* Products */ = {
			isa = PBXGroup;
			children = (
				F87AFA5E19CB733200EDEAE3 /* Quick.framework */,
				F87AFA6019CB733200EDEAE3 /* QuickTests.xctest */,
				F87AFA6219CB733200EDEAE3 /* Quick.framework */,
				F87AFA6419CB733200EDEAE3 /* Quick-iOSTests.xctest */,
			);
			name = Products;
			sourceTree = "<group>";
		};
		F87AFA6619CB733E00EDEAE3 /* Products */ = {
			isa = PBXGroup;
			children = (
				F87AFA6D19CB733E00EDEAE3 /* Nimble.framework */,
				F87AFA6F19CB733E00EDEAE3 /* NimbleTests.xctest */,
				F87AFA7119CB733E00EDEAE3 /* Nimble.framework */,
				F87AFA7319CB733E00EDEAE3 /* Nimble-OSXTests.xctest */,
			);
			name = Products;
			sourceTree = "<group>";
		};
		F87AFA7619CB74C800EDEAE3 /* ViewModels */ = {
			isa = PBXGroup;
			children = (
				F87AFA7819CB74F200EDEAE3 /* EmployeeListViewModelSpec.swift */,
				F8D8071419D0764800E1D3A2 /* EmployeeViewModelSpec.swift */,
			);
			path = ViewModels;
			sourceTree = "<group>";
		};
/* End PBXGroup section */

/* Begin PBXNativeTarget section */
		F824D5EE19C8B7D700537282 /* roster */ = {
			isa = PBXNativeTarget;
			buildConfigurationList = F824D60E19C8B7D700537282 /* Build configuration list for PBXNativeTarget "roster" */;
			buildPhases = (
				E0EA3BD6E8C74E31BD690AE5 /* Check Pods Manifest.lock */,
				F824D5EB19C8B7D700537282 /* Sources */,
				F824D5EC19C8B7D700537282 /* Frameworks */,
				F824D5ED19C8B7D700537282 /* Resources */,
				7FF2240F910B4D00A6C6CD2D /* Copy Pods Resources */,
				7E2D6EC648BF40D19A261C80 /* Warn for TODO and FIXME comments */,
			);
			buildRules = (
			);
			dependencies = (
			);
			name = roster;
			productName = roster;
			productReference = F824D5EF19C8B7D700537282 /* roster.app */;
			productType = "com.apple.product-type.application";
		};
		F824D60319C8B7D700537282 /* UnitTests */ = {
			isa = PBXNativeTarget;
			buildConfigurationList = F824D61119C8B7D700537282 /* Build configuration list for PBXNativeTarget "UnitTests" */;
			buildPhases = (
				6BB7FA08AE314D2599197236 /* Check Pods Manifest.lock */,
				F824D60019C8B7D700537282 /* Sources */,
				F824D60119C8B7D700537282 /* Frameworks */,
				F824D60219C8B7D700537282 /* Resources */,
				4A8D05313FEC4B7D9228FB40 /* Copy Pods Resources */,
			);
			buildRules = (
			);
			dependencies = (
				F824D60619C8B7D700537282 /* PBXTargetDependency */,
			);
			name = UnitTests;
			productName = rosterTests;
			productReference = F824D60419C8B7D700537282 /* UnitTests.xctest */;
			productType = "com.apple.product-type.bundle.unit-test";
		};
/* End PBXNativeTarget section */

/* Begin PBXProject section */
		F824D5E719C8B7D700537282 /* Project object */ = {
			isa = PBXProject;
			attributes = {
				LastUpgradeCheck = 0600;
				ORGANIZATIONNAME = thoughtbot;
				TargetAttributes = {
					F824D5EE19C8B7D700537282 = {
						CreatedOnToolsVersion = 6.0;
					};
					F824D60319C8B7D700537282 = {
						CreatedOnToolsVersion = 6.0;
						TestTargetID = F824D5EE19C8B7D700537282;
					};
				};
			};
			buildConfigurationList = F824D5EA19C8B7D700537282 /* Build configuration list for PBXProject "roster" */;
			compatibilityVersion = "Xcode 3.2";
			developmentRegion = English;
			hasScannedForEncodings = 0;
			knownRegions = (
				en,
				Base,
			);
			mainGroup = F824D5E619C8B7D700537282;
			productRefGroup = F824D5F019C8B7D700537282 /* Products */;
			projectDirPath = "";
			projectReferences = (
				{
					ProductGroup = F87AFA6619CB733E00EDEAE3 /* Products */;
					ProjectRef = F87AFA6519CB733E00EDEAE3 /* Nimble.xcodeproj */;
				},
				{
					ProductGroup = F87AFA5619CB733200EDEAE3 /* Products */;
					ProjectRef = F87AFA5519CB733200EDEAE3 /* Quick.xcodeproj */;
				},
			);
			projectRoot = "";
			targets = (
				F824D5EE19C8B7D700537282 /* roster */,
				F824D60319C8B7D700537282 /* UnitTests */,
			);
		};
/* End PBXProject section */

/* Begin PBXReferenceProxy section */
		F87AFA5E19CB733200EDEAE3 /* Quick.framework */ = {
			isa = PBXReferenceProxy;
			fileType = wrapper.framework;
			path = Quick.framework;
			remoteRef = F87AFA5D19CB733200EDEAE3 /* PBXContainerItemProxy */;
			sourceTree = BUILT_PRODUCTS_DIR;
		};
		F87AFA6019CB733200EDEAE3 /* QuickTests.xctest */ = {
			isa = PBXReferenceProxy;
			fileType = wrapper.cfbundle;
			path = QuickTests.xctest;
			remoteRef = F87AFA5F19CB733200EDEAE3 /* PBXContainerItemProxy */;
			sourceTree = BUILT_PRODUCTS_DIR;
		};
		F87AFA6219CB733200EDEAE3 /* Quick.framework */ = {
			isa = PBXReferenceProxy;
			fileType = wrapper.framework;
			path = Quick.framework;
			remoteRef = F87AFA6119CB733200EDEAE3 /* PBXContainerItemProxy */;
			sourceTree = BUILT_PRODUCTS_DIR;
		};
		F87AFA6419CB733200EDEAE3 /* Quick-iOSTests.xctest */ = {
			isa = PBXReferenceProxy;
			fileType = wrapper.cfbundle;
			path = "Quick-iOSTests.xctest";
			remoteRef = F87AFA6319CB733200EDEAE3 /* PBXContainerItemProxy */;
			sourceTree = BUILT_PRODUCTS_DIR;
		};
		F87AFA6D19CB733E00EDEAE3 /* Nimble.framework */ = {
			isa = PBXReferenceProxy;
			fileType = wrapper.framework;
			path = Nimble.framework;
			remoteRef = F87AFA6C19CB733E00EDEAE3 /* PBXContainerItemProxy */;
			sourceTree = BUILT_PRODUCTS_DIR;
		};
		F87AFA6F19CB733E00EDEAE3 /* NimbleTests.xctest */ = {
			isa = PBXReferenceProxy;
			fileType = wrapper.cfbundle;
			path = NimbleTests.xctest;
			remoteRef = F87AFA6E19CB733E00EDEAE3 /* PBXContainerItemProxy */;
			sourceTree = BUILT_PRODUCTS_DIR;
		};
		F87AFA7119CB733E00EDEAE3 /* Nimble.framework */ = {
			isa = PBXReferenceProxy;
			fileType = wrapper.framework;
			path = Nimble.framework;
			remoteRef = F87AFA7019CB733E00EDEAE3 /* PBXContainerItemProxy */;
			sourceTree = BUILT_PRODUCTS_DIR;
		};
		F87AFA7319CB733E00EDEAE3 /* Nimble-OSXTests.xctest */ = {
			isa = PBXReferenceProxy;
			fileType = wrapper.cfbundle;
			path = "Nimble-OSXTests.xctest";
			remoteRef = F87AFA7219CB733E00EDEAE3 /* PBXContainerItemProxy */;
			sourceTree = BUILT_PRODUCTS_DIR;
		};
/* End PBXReferenceProxy section */

/* Begin PBXResourcesBuildPhase section */
		F824D5ED19C8B7D700537282 /* Resources */ = {
			isa = PBXResourcesBuildPhase;
			buildActionMask = 2147483647;
			files = (
				F824D63F19C8BC2F00537282 /* Images.xcassets in Resources */,
				F824D65019C8BD9A00537282 /* Main.storyboard in Resources */,
				F824D65219C8BE7A00537282 /* Launch Screen.xib in Resources */,
			);
			runOnlyForDeploymentPostprocessing = 0;
		};
		F824D60219C8B7D700537282 /* Resources */ = {
			isa = PBXResourcesBuildPhase;
			buildActionMask = 2147483647;
			files = (
			);
			runOnlyForDeploymentPostprocessing = 0;
		};
/* End PBXResourcesBuildPhase section */

/* Begin PBXShellScriptBuildPhase section */
		4A8D05313FEC4B7D9228FB40 /* Copy Pods Resources */ = {
			isa = PBXShellScriptBuildPhase;
			buildActionMask = 2147483647;
			files = (
			);
			inputPaths = (
			);
			name = "Copy Pods Resources";
			outputPaths = (
			);
			runOnlyForDeploymentPostprocessing = 0;
			shellPath = /bin/sh;
			shellScript = "\"${SRCROOT}/Pods/Pods-unit_tests-resources.sh\"\n";
			showEnvVarsInLog = 0;
		};
		6BB7FA08AE314D2599197236 /* Check Pods Manifest.lock */ = {
			isa = PBXShellScriptBuildPhase;
			buildActionMask = 2147483647;
			files = (
			);
			inputPaths = (
			);
			name = "Check Pods Manifest.lock";
			outputPaths = (
			);
			runOnlyForDeploymentPostprocessing = 0;
			shellPath = /bin/sh;
			shellScript = "diff \"${PODS_ROOT}/../Podfile.lock\" \"${PODS_ROOT}/Manifest.lock\" > /dev/null\nif [[ $? != 0 ]] ; then\n    cat << EOM\nerror: The sandbox is not in sync with the Podfile.lock. Run 'pod install' or update your CocoaPods installation.\nEOM\n    exit 1\nfi\n";
			showEnvVarsInLog = 0;
		};
		7E2D6EC648BF40D19A261C80 /* Warn for TODO and FIXME comments */ = {
			isa = PBXShellScriptBuildPhase;
			buildActionMask = 2147483647;
			files = (
			);
			inputPaths = (
			);
			name = "Warn for TODO and FIXME comments";
			outputPaths = (
			);
			runOnlyForDeploymentPostprocessing = 0;
			shellPath = /bin/sh;
			shellScript = "KEYWORDS=\"TODO:|FIXME:|\\?\\?\\?:|\\!\\!\\!:\"\nFILE_EXTENSIONS=\"h|m|mm|c|cpp\"\nfind -E \"${SRCROOT}\" -ipath \"${SRCROOT}/pods\" -prune -o \\( -regex \".*\\.($FILE_EXTENSIONS)$\" \\) -print0 | xargs -0 egrep --with-filename --line-number --only-matching \"($KEYWORDS).*\\$\" | perl -p -e \"s/($KEYWORDS)/ warning: \\$1/\"\n";
		};
		7FF2240F910B4D00A6C6CD2D /* Copy Pods Resources */ = {
			isa = PBXShellScriptBuildPhase;
			buildActionMask = 2147483647;
			files = (
			);
			inputPaths = (
			);
			name = "Copy Pods Resources";
			outputPaths = (
			);
			runOnlyForDeploymentPostprocessing = 0;
			shellPath = /bin/sh;
			shellScript = "\"${SRCROOT}/Pods/Pods-resources.sh\"\n";
			showEnvVarsInLog = 0;
		};
		E0EA3BD6E8C74E31BD690AE5 /* Check Pods Manifest.lock */ = {
			isa = PBXShellScriptBuildPhase;
			buildActionMask = 2147483647;
			files = (
			);
			inputPaths = (
			);
			name = "Check Pods Manifest.lock";
			outputPaths = (
			);
			runOnlyForDeploymentPostprocessing = 0;
			shellPath = /bin/sh;
			shellScript = "diff \"${PODS_ROOT}/../Podfile.lock\" \"${PODS_ROOT}/Manifest.lock\" > /dev/null\nif [[ $? != 0 ]] ; then\n    cat << EOM\nerror: The sandbox is not in sync with the Podfile.lock. Run 'pod install' or update your CocoaPods installation.\nEOM\n    exit 1\nfi\n";
			showEnvVarsInLog = 0;
		};
/* End PBXShellScriptBuildPhase section */

/* Begin PBXSourcesBuildPhase section */
		F824D5EB19C8B7D700537282 /* Sources */ = {
			isa = PBXSourcesBuildPhase;
			buildActionMask = 2147483647;
			files = (
				F802B5CD19CA1BBA009202FC /* AsyncLoadingImageView.swift in Sources */,
				F802B5C919CA1AE9009202FC /* Global.swift in Sources */,
				F802B5CF19CA1C10009202FC /* EmployeeCell.swift in Sources */,
				F87AFA4F19CB490E00EDEAE3 /* ImageCache.swift in Sources */,
				F802B5C719CA1A93009202FC /* TBEmployee+Gravatar.swift in Sources */,
				F87B7A5319C8DBCD00D310EF /* EmployeesViewController.swift in Sources */,
				F87AFA5419CB6A9F00EDEAE3 /* EmployeeListViewModel.swift in Sources */,
				F824D63819C8BC2F00537282 /* AppDelegate.swift in Sources */,
				F802B5D119CA2250009202FC /* NSURLSession+FetchData.swift in Sources */,
				F8D8071F19D0A27100E1D3A2 /* EmployeeViewModel.swift in Sources */,
				F802B5CB19CA1B8D009202FC /* TBEmployeeRole+Printable.swift in Sources */,
			);
			runOnlyForDeploymentPostprocessing = 0;
		};
		F824D60019C8B7D700537282 /* Sources */ = {
			isa = PBXSourcesBuildPhase;
			buildActionMask = 2147483647;
			files = (
				F8D8071519D0764800E1D3A2 /* EmployeeViewModelSpec.swift in Sources */,
				F87AFA7919CB74F200EDEAE3 /* EmployeeListViewModelSpec.swift in Sources */,
			);
			runOnlyForDeploymentPostprocessing = 0;
		};
/* End PBXSourcesBuildPhase section */

/* Begin PBXTargetDependency section */
		F824D60619C8B7D700537282 /* PBXTargetDependency */ = {
			isa = PBXTargetDependency;
			target = F824D5EE19C8B7D700537282 /* roster */;
			targetProxy = F824D60519C8B7D700537282 /* PBXContainerItemProxy */;
		};
/* End PBXTargetDependency section */

/* Begin XCBuildConfiguration section */
		F824D60C19C8B7D700537282 /* Debug */ = {
			isa = XCBuildConfiguration;
			buildSettings = {
				ALWAYS_SEARCH_USER_PATHS = NO;
				CLANG_CXX_LANGUAGE_STANDARD = "gnu++0x";
				CLANG_CXX_LIBRARY = "libc++";
				CLANG_ENABLE_MODULES = YES;
				CLANG_ENABLE_OBJC_ARC = YES;
				CLANG_WARN_BOOL_CONVERSION = YES;
				CLANG_WARN_CONSTANT_CONVERSION = YES;
				CLANG_WARN_DEPRECATED_OBJC_IMPLEMENTATIONS = YES;
				CLANG_WARN_DIRECT_OBJC_ISA_USAGE = YES_ERROR;
				CLANG_WARN_EMPTY_BODY = YES;
				CLANG_WARN_ENUM_CONVERSION = YES;
				CLANG_WARN_IMPLICIT_SIGN_CONVERSION = YES;
				CLANG_WARN_INT_CONVERSION = YES;
				CLANG_WARN_OBJC_IMPLICIT_RETAIN_SELF = YES;
				CLANG_WARN_OBJC_ROOT_CLASS = YES_ERROR;
				CLANG_WARN_SUSPICIOUS_IMPLICIT_CONVERSION = YES;
				CLANG_WARN_UNREACHABLE_CODE = YES;
				CLANG_WARN__DUPLICATE_METHOD_MATCH = YES;
				"CODE_SIGN_IDENTITY[sdk=iphoneos*]" = "iPhone Developer";
				COPY_PHASE_STRIP = NO;
				ENABLE_STRICT_OBJC_MSGSEND = YES;
				GCC_C_LANGUAGE_STANDARD = gnu99;
				GCC_DYNAMIC_NO_PIC = NO;
				GCC_OPTIMIZATION_LEVEL = 0;
				GCC_PREPROCESSOR_DEFINITIONS = (
					"DEBUG=1",
					"$(inherited)",
				);
				GCC_SYMBOLS_PRIVATE_EXTERN = NO;
				GCC_WARN_64_TO_32_BIT_CONVERSION = YES;
				GCC_WARN_ABOUT_DEPRECATED_FUNCTIONS = YES;
				GCC_WARN_ABOUT_MISSING_FIELD_INITIALIZERS = YES;
				GCC_WARN_ABOUT_MISSING_NEWLINE = YES;
				GCC_WARN_ABOUT_RETURN_TYPE = YES;
				GCC_WARN_CHECK_SWITCH_STATEMENTS = YES;
				GCC_WARN_INITIALIZER_NOT_FULLY_BRACKETED = YES;
				GCC_WARN_MISSING_PARENTHESES = YES;
				GCC_WARN_SHADOW = YES;
				GCC_WARN_SIGN_COMPARE = YES;
				GCC_WARN_TYPECHECK_CALLS_TO_PRINTF = YES;
				GCC_WARN_UNDECLARED_SELECTOR = YES;
				GCC_WARN_UNINITIALIZED_AUTOS = YES_AGGRESSIVE;
				GCC_WARN_UNUSED_FUNCTION = YES;
				GCC_WARN_UNUSED_LABEL = YES;
				GCC_WARN_UNUSED_VALUE = YES;
				GCC_WARN_UNUSED_VARIABLE = YES;
				IPHONEOS_DEPLOYMENT_TARGET = 8.0;
				MTL_ENABLE_DEBUG_INFO = YES;
				ONLY_ACTIVE_ARCH = YES;
				SDKROOT = iphoneos;
				SWIFT_OPTIMIZATION_LEVEL = "-Onone";
			};
			name = Debug;
		};
		F824D60D19C8B7D700537282 /* Release */ = {
			isa = XCBuildConfiguration;
			buildSettings = {
				ALWAYS_SEARCH_USER_PATHS = NO;
				CLANG_CXX_LANGUAGE_STANDARD = "gnu++0x";
				CLANG_CXX_LIBRARY = "libc++";
				CLANG_ENABLE_MODULES = YES;
				CLANG_ENABLE_OBJC_ARC = YES;
				CLANG_WARN_BOOL_CONVERSION = YES;
				CLANG_WARN_CONSTANT_CONVERSION = YES;
				CLANG_WARN_DEPRECATED_OBJC_IMPLEMENTATIONS = YES;
				CLANG_WARN_DIRECT_OBJC_ISA_USAGE = YES_ERROR;
				CLANG_WARN_EMPTY_BODY = YES;
				CLANG_WARN_ENUM_CONVERSION = YES;
				CLANG_WARN_IMPLICIT_SIGN_CONVERSION = YES;
				CLANG_WARN_INT_CONVERSION = YES;
				CLANG_WARN_OBJC_IMPLICIT_RETAIN_SELF = YES;
				CLANG_WARN_OBJC_ROOT_CLASS = YES_ERROR;
				CLANG_WARN_SUSPICIOUS_IMPLICIT_CONVERSION = YES;
				CLANG_WARN_UNREACHABLE_CODE = YES;
				CLANG_WARN__DUPLICATE_METHOD_MATCH = YES;
				"CODE_SIGN_IDENTITY[sdk=iphoneos*]" = "iPhone Developer";
				COPY_PHASE_STRIP = YES;
				ENABLE_NS_ASSERTIONS = NO;
				ENABLE_STRICT_OBJC_MSGSEND = YES;
				GCC_C_LANGUAGE_STANDARD = gnu99;
				GCC_WARN_64_TO_32_BIT_CONVERSION = YES;
				GCC_WARN_ABOUT_DEPRECATED_FUNCTIONS = YES;
				GCC_WARN_ABOUT_MISSING_FIELD_INITIALIZERS = YES;
				GCC_WARN_ABOUT_MISSING_NEWLINE = YES;
				GCC_WARN_ABOUT_RETURN_TYPE = YES;
				GCC_WARN_CHECK_SWITCH_STATEMENTS = YES;
				GCC_WARN_INITIALIZER_NOT_FULLY_BRACKETED = YES;
				GCC_WARN_MISSING_PARENTHESES = YES;
				GCC_WARN_SHADOW = YES;
				GCC_WARN_SIGN_COMPARE = YES;
				GCC_WARN_TYPECHECK_CALLS_TO_PRINTF = YES;
				GCC_WARN_UNDECLARED_SELECTOR = YES;
				GCC_WARN_UNINITIALIZED_AUTOS = YES_AGGRESSIVE;
				GCC_WARN_UNUSED_FUNCTION = YES;
				GCC_WARN_UNUSED_LABEL = YES;
				GCC_WARN_UNUSED_VALUE = YES;
				GCC_WARN_UNUSED_VARIABLE = YES;
				IPHONEOS_DEPLOYMENT_TARGET = 8.0;
				MTL_ENABLE_DEBUG_INFO = NO;
				SDKROOT = iphoneos;
				VALIDATE_PRODUCT = YES;
			};
			name = Release;
		};
		F824D60F19C8B7D700537282 /* Debug */ = {
			isa = XCBuildConfiguration;
			baseConfigurationReference = 43F0A4DA10FF497E9C74B9CD /* Pods.xcconfig */;
			buildSettings = {
				ASSETCATALOG_COMPILER_APPICON_NAME = AppIcon;
				CLANG_ENABLE_MODULES = YES;
				INFOPLIST_FILE = "roster/Resources/Other-Sources/roster-Info.plist";
				LD_RUNPATH_SEARCH_PATHS = "$(inherited) @executable_path/Frameworks";
				PRODUCT_NAME = "$(TARGET_NAME)";
				SWIFT_OBJC_BRIDGING_HEADER = "roster/Resources/Other-Sources/roster-Bridging-Header.h";
				SWIFT_OPTIMIZATION_LEVEL = "-Onone";
			};
			name = Debug;
		};
		F824D61019C8B7D700537282 /* Release */ = {
			isa = XCBuildConfiguration;
			baseConfigurationReference = 43F0A4DA10FF497E9C74B9CD /* Pods.xcconfig */;
			buildSettings = {
				ASSETCATALOG_COMPILER_APPICON_NAME = AppIcon;
				CLANG_ENABLE_MODULES = YES;
				GCC_TREAT_WARNINGS_AS_ERRORS = YES;
				INFOPLIST_FILE = "roster/Resources/Other-Sources/roster-Info.plist";
				LD_RUNPATH_SEARCH_PATHS = "$(inherited) @executable_path/Frameworks";
				PRODUCT_NAME = "$(TARGET_NAME)";
				SWIFT_OBJC_BRIDGING_HEADER = "roster/Resources/Other-Sources/roster-Bridging-Header.h";
			};
			name = Release;
		};
		F824D61219C8B7D700537282 /* Debug */ = {
			isa = XCBuildConfiguration;
			baseConfigurationReference = F56827488694440AB6D812D4 /* Pods-unit_tests.xcconfig */;
			buildSettings = {
				BUNDLE_LOADER = "$(TEST_HOST)";
				CLANG_ENABLE_MODULES = YES;
				FRAMEWORK_SEARCH_PATHS = (
					"$(SDKROOT)/Developer/Library/Frameworks",
					"$(inherited)",
				);
				GCC_PREPROCESSOR_DEFINITIONS = (
					"DEBUG=1",
					"$(inherited)",
				);
				INFOPLIST_FILE = "UnitTests/Resources/UnitTests-Info.plist";
				LD_RUNPATH_SEARCH_PATHS = "$(inherited) @executable_path/Frameworks @loader_path/Frameworks";
				PRODUCT_NAME = "$(TARGET_NAME)";
				SWIFT_OBJC_BRIDGING_HEADER = "UnitTests/Resources/UnitTests-Bridging-Header.h";
				SWIFT_OPTIMIZATION_LEVEL = "-Onone";
				TEST_HOST = "$(BUILT_PRODUCTS_DIR)/roster.app/roster";
			};
			name = Debug;
		};
		F824D61319C8B7D700537282 /* Release */ = {
			isa = XCBuildConfiguration;
			baseConfigurationReference = F56827488694440AB6D812D4 /* Pods-unit_tests.xcconfig */;
			buildSettings = {
				BUNDLE_LOADER = "$(TEST_HOST)";
				CLANG_ENABLE_MODULES = YES;
				FRAMEWORK_SEARCH_PATHS = (
					"$(SDKROOT)/Developer/Library/Frameworks",
					"$(inherited)",
				);
				INFOPLIST_FILE = "UnitTests/Resources/UnitTests-Info.plist";
				LD_RUNPATH_SEARCH_PATHS = "$(inherited) @executable_path/Frameworks @loader_path/Frameworks";
				PRODUCT_NAME = "$(TARGET_NAME)";
				SWIFT_OBJC_BRIDGING_HEADER = "UnitTests/Resources/UnitTests-Bridging-Header.h";
				TEST_HOST = "$(BUILT_PRODUCTS_DIR)/roster.app/roster";
			};
			name = Release;
		};
/* End XCBuildConfiguration section */

/* Begin XCConfigurationList section */
		F824D5EA19C8B7D700537282 /* Build configuration list for PBXProject "roster" */ = {
			isa = XCConfigurationList;
			buildConfigurations = (
				F824D60C19C8B7D700537282 /* Debug */,
				F824D60D19C8B7D700537282 /* Release */,
			);
			defaultConfigurationIsVisible = 0;
			defaultConfigurationName = Release;
		};
		F824D60E19C8B7D700537282 /* Build configuration list for PBXNativeTarget "roster" */ = {
			isa = XCConfigurationList;
			buildConfigurations = (
				F824D60F19C8B7D700537282 /* Debug */,
				F824D61019C8B7D700537282 /* Release */,
			);
			defaultConfigurationIsVisible = 0;
			defaultConfigurationName = Release;
		};
		F824D61119C8B7D700537282 /* Build configuration list for PBXNativeTarget "UnitTests" */ = {
			isa = XCConfigurationList;
			buildConfigurations = (
				F824D61219C8B7D700537282 /* Debug */,
				F824D61319C8B7D700537282 /* Release */,
			);
			defaultConfigurationIsVisible = 0;
			defaultConfigurationName = Release;
		};
/* End XCConfigurationList section */
	};
	rootObject = F824D5E719C8B7D700537282 /* Project object */;
}
