// !$*UTF8*$!
{
	archiveVersion = 1;
	classes = {
	};
	objectVersion = 46;
	objects = {

/* Begin PBXBuildFile section */
		15A47A2C99544754AD4300B9 /* RSTAppDelegate.m in Sources */ = {isa = PBXBuildFile; fileRef = 520E19F994BB4EC5A68E4AE1 /* RSTAppDelegate.m */; };
		18734B968C4D4F259E9206E4 /* libPods-unit_tests.a in Frameworks */ = {isa = PBXBuildFile; fileRef = 93AA7930896B402D85FDAFCA /* libPods-unit_tests.a */; };
		4C899CFDDB294E03A814EFF2 /* Foundation.framework in Frameworks */ = {isa = PBXBuildFile; fileRef = 33BE196686454951B5A2012C /* Foundation.framework */; };
		5B73EB8016544C449F778346 /* main.m in Sources */ = {isa = PBXBuildFile; fileRef = CE69C04C226943848E10B7C8 /* main.m */; };
		CD86DF53962E4E7586077860 /* Images.xcassets in Resources */ = {isa = PBXBuildFile; fileRef = 1883801D260E4861BF2E3E6B /* Images.xcassets */; };
/* End PBXBuildFile section */

/* Begin PBXContainerItemProxy section */
		7925E7E2F1B945B5A70E7452 /* PBXContainerItemProxy */ = {
			isa = PBXContainerItemProxy;
			containerPortal = 7229654AF96344908BE68C6D /* Project object */;
			proxyType = 1;
			remoteGlobalIDString = E8611F7A7A2F4BA58E94DC83;
			remoteInfo = Roster;
		};
/* End PBXContainerItemProxy section */

/* Begin PBXFileReference section */
		1883801D260E4861BF2E3E6B /* Images.xcassets */ = {isa = PBXFileReference; includeInIndex = 1; lastKnownFileType = folder.assetcatalog; path = Images.xcassets; sourceTree = "<group>"; };
		33BE196686454951B5A2012C /* Foundation.framework */ = {isa = PBXFileReference; lastKnownFileType = wrapper.framework; name = Foundation.framework; path = Platforms/iPhoneOS.platform/Developer/SDKs/iPhoneOS7.0.sdk/System/Library/Frameworks/Foundation.framework; sourceTree = DEVELOPER_DIR; };
		520E19F994BB4EC5A68E4AE1 /* RSTAppDelegate.m */ = {isa = PBXFileReference; includeInIndex = 1; lastKnownFileType = sourcecode.c.objc; path = RSTAppDelegate.m; sourceTree = "<group>"; };
		5D8BC81C9FCA487AA6DD21B6 /* RSTAppDelegate.h */ = {isa = PBXFileReference; includeInIndex = 1; lastKnownFileType = sourcecode.c.h; path = RSTAppDelegate.h; sourceTree = "<group>"; };
		8EE448734B4B40C48005D263 /* Roster.app */ = {isa = PBXFileReference; explicitFileType = wrapper.application; includeInIndex = 0; path = Roster.app; sourceTree = BUILT_PRODUCTS_DIR; };
		93AA7930896B402D85FDAFCA /* libPods-unit_tests.a */ = {isa = PBXFileReference; explicitFileType = archive.ar; includeInIndex = 0; path = "libPods-unit_tests.a"; sourceTree = BUILT_PRODUCTS_DIR; };
		A4F4137FE8914674B2367D56 /* UnitTests.xctest */ = {isa = PBXFileReference; explicitFileType = wrapper.cfbundle; includeInIndex = 0; path = UnitTests.xctest; sourceTree = BUILT_PRODUCTS_DIR; };
		AFDB0041C9864C72903A1111 /* Roster-Info.plist */ = {isa = PBXFileReference; includeInIndex = 1; lastKnownFileType = text.plist.xml; path = "Roster-Info.plist"; sourceTree = "<group>"; };
		B4847BB076294EF5AAB5252B /* UnitTests-Prefix.pch */ = {isa = PBXFileReference; includeInIndex = 1; lastKnownFileType = sourcecode.c.h; path = "UnitTests-Prefix.pch"; sourceTree = "<group>"; };
		CBCD2E1689F64F9E97B436F4 /* Pods-unit_tests.xcconfig */ = {isa = PBXFileReference; includeInIndex = 1; lastKnownFileType = text.xcconfig; name = "Pods-unit_tests.xcconfig"; path = "Pods/Pods-unit_tests.xcconfig"; sourceTree = "<group>"; };
		CE69C04C226943848E10B7C8 /* main.m */ = {isa = PBXFileReference; includeInIndex = 1; lastKnownFileType = sourcecode.c.objc; path = main.m; sourceTree = "<group>"; };
		E6FC5E8B541A4CB3AE23C43C /* UnitTests-Info.plist */ = {isa = PBXFileReference; includeInIndex = 1; lastKnownFileType = text.plist.xml; path = "UnitTests-Info.plist"; sourceTree = "<group>"; };
		F84E50BC7CA541259F7D65CA /* Roster-Prefix.pch */ = {isa = PBXFileReference; includeInIndex = 1; lastKnownFileType = sourcecode.c.h; path = "Roster-Prefix.pch"; sourceTree = "<group>"; };
/* End PBXFileReference section */

/* Begin PBXFrameworksBuildPhase section */
		0C9183D3A69F4D698F31371E /* Frameworks */ = {
			isa = PBXFrameworksBuildPhase;
			buildActionMask = 2147483647;
			files = (
				4C899CFDDB294E03A814EFF2 /* Foundation.framework in Frameworks */,
			);
			runOnlyForDeploymentPostprocessing = 0;
		};
		F6753922DDA048E994BA8AAF /* Frameworks */ = {
			isa = PBXFrameworksBuildPhase;
			buildActionMask = 2147483647;
			files = (
				18734B968C4D4F259E9206E4 /* libPods-unit_tests.a in Frameworks */,
			);
			runOnlyForDeploymentPostprocessing = 0;
		};
/* End PBXFrameworksBuildPhase section */

/* Begin PBXGroup section */
		0E185A7E00E542719713A73C /* Tests */ = {
			isa = PBXGroup;
			children = (
			);
			path = Tests;
			sourceTree = "<group>";
		};
		16CC29241AC34A8B8BD24C5C /* Roster */ = {
			isa = PBXGroup;
			children = (
				EE79AFF27B32433DAF312522 /* Categories */,
				CE9F7C32289746CE9B77EA48 /* Classes */,
				F3F8CBFDC5A5440FBB9D508D /* Constants */,
				61CD3C5D22004D44824289F5 /* Resources */,
			);
			path = Roster;
			sourceTree = "<group>";
		};
		24EC83615B304C0FABE32901 /* ViewControllers */ = {
			isa = PBXGroup;
			children = (
			);
			path = ViewControllers;
			sourceTree = "<group>";
		};
		277B8F8012B04A599025D503 /* Delegates */ = {
			isa = PBXGroup;
			children = (
				5D8BC81C9FCA487AA6DD21B6 /* RSTAppDelegate.h */,
				520E19F994BB4EC5A68E4AE1 /* RSTAppDelegate.m */,
			);
			path = Delegates;
			sourceTree = "<group>";
		};
		2F0C03659E8845C6B3062C57 /* DataSources */ = {
			isa = PBXGroup;
			children = (
			);
			path = DataSources;
			sourceTree = "<group>";
		};
		365FF248F16F441394EFDD25 /* Nibs */ = {
			isa = PBXGroup;
			children = (
			);
			path = Nibs;
			sourceTree = "<group>";
		};
		4F348F9F0E3945738B0962B0 /* Storyboards */ = {
			isa = PBXGroup;
			children = (
			);
			path = Storyboards;
			sourceTree = "<group>";
		};
		544A2881BB644E16993475BF /* iOS */ = {
			isa = PBXGroup;
			children = (
				33BE196686454951B5A2012C /* Foundation.framework */,
			);
			name = iOS;
			sourceTree = "<group>";
		};
		61CD3C5D22004D44824289F5 /* Resources */ = {
			isa = PBXGroup;
			children = (
				1883801D260E4861BF2E3E6B /* Images.xcassets */,
				4F348F9F0E3945738B0962B0 /* Storyboards */,
				365FF248F16F441394EFDD25 /* Nibs */,
				84611C899EE74DF0A28D649D /* Other-Sources */,
			);
			path = Resources;
			sourceTree = "<group>";
		};
		6266DBCF2C374C108B07B597 /* Controllers */ = {
			isa = PBXGroup;
			children = (
			);
			path = Controllers;
			sourceTree = "<group>";
		};
		84611C899EE74DF0A28D649D /* Other-Sources */ = {
			isa = PBXGroup;
			children = (
				AFDB0041C9864C72903A1111 /* Roster-Info.plist */,
				F84E50BC7CA541259F7D65CA /* Roster-Prefix.pch */,
				CE69C04C226943848E10B7C8 /* main.m */,
			);
			path = "Other-Sources";
			sourceTree = "<group>";
		};
		849704698DAA47BF9BD91BA0 /* Products */ = {
			isa = PBXGroup;
			children = (
				8EE448734B4B40C48005D263 /* Roster.app */,
				A4F4137FE8914674B2367D56 /* UnitTests.xctest */,
			);
			name = Products;
			sourceTree = "<group>";
		};
		97DC0B3239A34F318F86B7DA /* Resources */ = {
			isa = PBXGroup;
			children = (
				E6FC5E8B541A4CB3AE23C43C /* UnitTests-Info.plist */,
				B4847BB076294EF5AAB5252B /* UnitTests-Prefix.pch */,
			);
			path = Resources;
			sourceTree = "<group>";
		};
		B0D0D8F56949443DA591D58C /* Frameworks */ = {
			isa = PBXGroup;
			children = (
				544A2881BB644E16993475BF /* iOS */,
				93AA7930896B402D85FDAFCA /* libPods-unit_tests.a */,
			);
			name = Frameworks;
			sourceTree = "<group>";
		};
		B9F1484521AA442B9D092FED /* UnitTests */ = {
			isa = PBXGroup;
			children = (
				97DC0B3239A34F318F86B7DA /* Resources */,
				0E185A7E00E542719713A73C /* Tests */,
			);
			path = UnitTests;
			sourceTree = "<group>";
		};
		C524230941C447F89D7DCF90 /* Models */ = {
			isa = PBXGroup;
			children = (
			);
			path = Models;
			sourceTree = "<group>";
		};
		CE9F7C32289746CE9B77EA48 /* Classes */ = {
			isa = PBXGroup;
			children = (
				6266DBCF2C374C108B07B597 /* Controllers */,
				2F0C03659E8845C6B3062C57 /* DataSources */,
				277B8F8012B04A599025D503 /* Delegates */,
				C524230941C447F89D7DCF90 /* Models */,
				24EC83615B304C0FABE32901 /* ViewControllers */,
				EA5F0CFEE81547D6B9DC3A87 /* Views */,
			);
			path = Classes;
			sourceTree = "<group>";
		};
		DCF11D585FD54540947144FC = {
			isa = PBXGroup;
			children = (
				16CC29241AC34A8B8BD24C5C /* Roster */,
				B9F1484521AA442B9D092FED /* UnitTests */,
				B0D0D8F56949443DA591D58C /* Frameworks */,
				849704698DAA47BF9BD91BA0 /* Products */,
				CBCD2E1689F64F9E97B436F4 /* Pods-unit_tests.xcconfig */,
			);
			indentWidth = 4;
			sourceTree = "<group>";
			tabWidth = 4;
			usesTabs = 0;
		};
		EA5F0CFEE81547D6B9DC3A87 /* Views */ = {
			isa = PBXGroup;
			children = (
			);
			path = Views;
			sourceTree = "<group>";
		};
		EE79AFF27B32433DAF312522 /* Categories */ = {
			isa = PBXGroup;
			children = (
			);
			path = Categories;
			sourceTree = "<group>";
		};
		F3F8CBFDC5A5440FBB9D508D /* Constants */ = {
			isa = PBXGroup;
			children = (
			);
			path = Constants;
			sourceTree = "<group>";
		};
/* End PBXGroup section */

/* Begin PBXNativeTarget section */
		756945E2C4914CB7A533204F /* UnitTests */ = {
			isa = PBXNativeTarget;
			buildConfigurationList = 47BB32B628A3406DAA6F6210 /* Build configuration list for PBXNativeTarget "UnitTests" */;
			buildPhases = (
				5F5937F34C1249A3BCECF64F /* Check Pods Manifest.lock */,
				2CE736158C304C36ACABBB22 /* Sources */,
				F6753922DDA048E994BA8AAF /* Frameworks */,
				8D80FFED160E45CBA5F5300D /* Resources */,
				A56C159D55204820BFC15EC1 /* Copy Pods Resources */,
			);
			buildRules = (
			);
			dependencies = (
				43250FA891834C498EE7E881 /* PBXTargetDependency */,
			);
			name = UnitTests;
			productName = UnitTests;
			productReference = A4F4137FE8914674B2367D56 /* UnitTests.xctest */;
			productType = "com.apple.product-type.bundle.unit-test";
		};
		E8611F7A7A2F4BA58E94DC83 /* Roster */ = {
			isa = PBXNativeTarget;
			buildConfigurationList = 1EFBFD22F84D482099D8A5BE /* Build configuration list for PBXNativeTarget "Roster" */;
			buildPhases = (
				BD58F205C0A7497AABB8C4E8 /* Sources */,
				0C9183D3A69F4D698F31371E /* Frameworks */,
				9C3A654A58B144CA9F7B42FA /* Resources */,
				D78F80EBF8B24B77AEEB4D10 /* Warn for TODO and FIXME comments */,
			);
			buildRules = (
			);
			dependencies = (
			);
			name = Roster;
			productName = Roster;
			productReference = 8EE448734B4B40C48005D263 /* Roster.app */;
			productType = "com.apple.product-type.application";
		};
/* End PBXNativeTarget section */

/* Begin PBXProject section */
		7229654AF96344908BE68C6D /* Project object */ = {
			isa = PBXProject;
			attributes = {
				CLASSPREFIX = RST;
				LastUpgradeCheck = 0500;
				ORGANIZATIONNAME = thoughtbot;
			};
			buildConfigurationList = B9771D7818C2409BAF8E6348 /* Build configuration list for PBXProject "Roster" */;
			compatibilityVersion = "Xcode 3.2";
			developmentRegion = English;
			hasScannedForEncodings = 0;
			knownRegions = (
				en,
			);
			mainGroup = DCF11D585FD54540947144FC;
			productRefGroup = 849704698DAA47BF9BD91BA0 /* Products */;
			projectDirPath = "";
			projectRoot = "";
			targets = (
				E8611F7A7A2F4BA58E94DC83 /* Roster */,
				756945E2C4914CB7A533204F /* UnitTests */,
			);
		};
/* End PBXProject section */

/* Begin PBXResourcesBuildPhase section */
		8D80FFED160E45CBA5F5300D /* Resources */ = {
			isa = PBXResourcesBuildPhase;
			buildActionMask = 2147483647;
			files = (
			);
			runOnlyForDeploymentPostprocessing = 0;
		};
		9C3A654A58B144CA9F7B42FA /* Resources */ = {
			isa = PBXResourcesBuildPhase;
			buildActionMask = 2147483647;
			files = (
				CD86DF53962E4E7586077860 /* Images.xcassets in Resources */,
			);
			runOnlyForDeploymentPostprocessing = 0;
		};
/* End PBXResourcesBuildPhase section */

/* Begin PBXShellScriptBuildPhase section */
		5F5937F34C1249A3BCECF64F /* Check Pods Manifest.lock */ = {
			isa = PBXShellScriptBuildPhase;
			buildActionMask = 2147483647;
			files = (
			);
			inputPaths = (
			);
			name = "Check Pods Manifest.lock";
			outputPaths = (
			);
			runOnlyForDeploymentPostprocessing = 0;
			shellPath = /bin/sh;
			shellScript = "diff \"${PODS_ROOT}/../Podfile.lock\" \"${PODS_ROOT}/Manifest.lock\" > /dev/null\nif [[ $? != 0 ]] ; then\n    cat << EOM\nerror: The sandbox is not in sync with the Podfile.lock. Run 'pod install' or update your CocoaPods installation.\nEOM\n    exit 1\nfi\n";
			showEnvVarsInLog = 0;
		};
		A56C159D55204820BFC15EC1 /* Copy Pods Resources */ = {
			isa = PBXShellScriptBuildPhase;
			buildActionMask = 2147483647;
			files = (
			);
			inputPaths = (
			);
			name = "Copy Pods Resources";
			outputPaths = (
			);
			runOnlyForDeploymentPostprocessing = 0;
			shellPath = /bin/sh;
			shellScript = "\"${SRCROOT}/Pods/Pods-unit_tests-resources.sh\"\n";
			showEnvVarsInLog = 0;
		};
		D78F80EBF8B24B77AEEB4D10 /* Warn for TODO and FIXME comments */ = {
			isa = PBXShellScriptBuildPhase;
			buildActionMask = 2147483647;
			files = (
			);
			inputPaths = (
			);
			name = "Warn for TODO and FIXME comments";
			outputPaths = (
			);
			runOnlyForDeploymentPostprocessing = 0;
			shellPath = /bin/sh;
			shellScript = "KEYWORDS=\"TODO:|FIXME:|\\?\\?\\?:|\\!\\!\\!:\"\nFILE_EXTENSIONS=\"h|m|mm|c|cpp\"\nfind -E \"${SRCROOT}\" -ipath \"${SRCROOT}/pods\" -prune -o \\( -regex \".*\\.($FILE_EXTENSIONS)$\" \\) -print0 | xargs -0 egrep --with-filename --line-number --only-matching \"($KEYWORDS).*\\$\" | perl -p -e \"s/($KEYWORDS)/ warning: \\$1/\"\n";
		};
/* End PBXShellScriptBuildPhase section */

/* Begin PBXSourcesBuildPhase section */
		2CE736158C304C36ACABBB22 /* Sources */ = {
			isa = PBXSourcesBuildPhase;
			buildActionMask = 2147483647;
			files = (
			);
			runOnlyForDeploymentPostprocessing = 0;
		};
		BD58F205C0A7497AABB8C4E8 /* Sources */ = {
			isa = PBXSourcesBuildPhase;
			buildActionMask = 2147483647;
			files = (
				15A47A2C99544754AD4300B9 /* RSTAppDelegate.m in Sources */,
				5B73EB8016544C449F778346 /* main.m in Sources */,
			);
			runOnlyForDeploymentPostprocessing = 0;
		};
/* End PBXSourcesBuildPhase section */

/* Begin PBXTargetDependency section */
		43250FA891834C498EE7E881 /* PBXTargetDependency */ = {
			isa = PBXTargetDependency;
			target = E8611F7A7A2F4BA58E94DC83 /* Roster */;
			targetProxy = 7925E7E2F1B945B5A70E7452 /* PBXContainerItemProxy */;
		};
/* End PBXTargetDependency section */

/* Begin XCBuildConfiguration section */
		4349F064B83C41F885312E4C /* Debug */ = {
			isa = XCBuildConfiguration;
			buildSettings = {
				ALWAYS_SEARCH_USER_PATHS = NO;
				ASSETCATALOG_COMPILER_APPICON_NAME = AppIcon;
				ASSETCATALOG_COMPILER_LAUNCHIMAGE_NAME = LaunchImage;
				CLANG_CXX_LANGUAGE_STANDARD = "gnu++0x";
				CLANG_CXX_LIBRARY = "libc++";
				CLANG_ENABLE_MODULES = YES;
				CLANG_ENABLE_OBJC_ARC = YES;
				CLANG_WARN_BOOL_CONVERSION = YES;
				CLANG_WARN_CONSTANT_CONVERSION = YES;
				CLANG_WARN_DEPRECATED_OBJC_IMPLEMENTATIONS = YES;
				CLANG_WARN_DIRECT_OBJC_ISA_USAGE = YES_ERROR;
				CLANG_WARN_EMPTY_BODY = YES;
				CLANG_WARN_ENUM_CONVERSION = YES;
				CLANG_WARN_IMPLICIT_SIGN_CONVERSION = YES;
				CLANG_WARN_INT_CONVERSION = YES;
				CLANG_WARN_OBJC_IMPLICIT_RETAIN_SELF = YES;
				CLANG_WARN_OBJC_ROOT_CLASS = YES_ERROR;
				CLANG_WARN_SUSPICIOUS_IMPLICIT_CONVERSION = YES;
				"CODE_SIGN_IDENTITY[sdk=iphoneos*]" = "iPhone Developer";
				COPY_PHASE_STRIP = YES;
				GCC_C_LANGUAGE_STANDARD = gnu99;
				GCC_DYNAMIC_NO_PIC = NO;
				GCC_OPTIMIZATION_LEVEL = 0;
				GCC_PREPROCESSOR_DEFINITIONS = (
					"DEBUG=1",
					"$(inherited)",
				);
				GCC_SYMBOLS_PRIVATE_EXTERN = NO;
				GCC_WARN_64_TO_32_BIT_CONVERSION = YES;
				GCC_WARN_ABOUT_DEPRECATED_FUNCTIONS = YES;
				GCC_WARN_ABOUT_MISSING_FIELD_INITIALIZERS = YES;
				GCC_WARN_ABOUT_MISSING_NEWLINE = YES;
				GCC_WARN_ABOUT_RETURN_TYPE = YES;
				GCC_WARN_CHECK_SWITCH_STATEMENTS = YES;
				GCC_WARN_INITIALIZER_NOT_FULLY_BRACKETED = YES;
				GCC_WARN_MISSING_PARENTHESES = YES;
				GCC_WARN_SHADOW = YES;
				GCC_WARN_SIGN_COMPARE = YES;
				GCC_WARN_TYPECHECK_CALLS_TO_PRINTF = YES;
				GCC_WARN_UNDECLARED_SELECTOR = YES;
				GCC_WARN_UNINITIALIZED_AUTOS = YES;
				GCC_WARN_UNUSED_FUNCTION = YES;
				GCC_WARN_UNUSED_LABEL = YES;
				GCC_WARN_UNUSED_VALUE = YES;
				GCC_WARN_UNUSED_VARIABLE = YES;
				IPHONEOS_DEPLOYMENT_TARGET = 7.0;
				ONLY_ACTIVE_ARCH = YES;
				SDKROOT = iphoneos;
			};
			name = Debug;
		};
		500AD029D9E54D71A221E0B7 /* Debug */ = {
			isa = XCBuildConfiguration;
			buildSettings = {
				ALWAYS_SEARCH_USER_PATHS = NO;
				COPY_PHASE_STRIP = NO;
				DSTROOT = /tmp/xcodeproj.dst;
				GCC_C_LANGUAGE_STANDARD = gnu99;
				GCC_DYNAMIC_NO_PIC = NO;
				GCC_OPTIMIZATION_LEVEL = 0;
				GCC_PRECOMPILE_PREFIX_HEADER = YES;
				GCC_PREFIX_HEADER = "Roster/Resources/Other-Sources/Roster-Prefix.pch";
				GCC_PREPROCESSOR_DEFINITIONS = (
					"DEBUG=1",
					"$(inherited)",
				);
				GCC_SYMBOLS_PRIVATE_EXTERN = NO;
				GCC_VERSION = com.apple.compilers.llvm.clang.1_0;
				INFOPLIST_FILE = "Roster/Resources/Other-Sources/Roster-Info.plist";
				INSTALL_PATH = "$(BUILT_PRODUCTS_DIR)";
				PRODUCT_NAME = "$(TARGET_NAME)";
				PUBLIC_HEADERS_FOLDER_PATH = "$(TARGET_NAME)";
				SDKROOT = iphoneos;
				SKIP_INSTALL = YES;
			};
			name = Debug;
		};
		7E21DAF4BF78415D86967CD9 /* Release */ = {
			isa = XCBuildConfiguration;
			buildSettings = {
				ALWAYS_SEARCH_USER_PATHS = NO;
				COPY_PHASE_STRIP = YES;
				DSTROOT = /tmp/xcodeproj.dst;
				GCC_C_LANGUAGE_STANDARD = gnu99;
				GCC_PRECOMPILE_PREFIX_HEADER = YES;
				GCC_PREFIX_HEADER = "Roster/Resources/Other-Sources/Roster-Prefix.pch";
				GCC_TREAT_WARNINGS_AS_ERRORS = YES;
				GCC_VERSION = com.apple.compilers.llvm.clang.1_0;
				INFOPLIST_FILE = "Roster/Resources/Other-Sources/Roster-Info.plist";
				INSTALL_PATH = "$(BUILT_PRODUCTS_DIR)";
				OTHER_CFLAGS = (
					"-DNS_BLOCK_ASSERTIONS=1",
					"$(inherited)",
				);
				OTHER_CPLUSPLUSFLAGS = (
					"-DNS_BLOCK_ASSERTIONS=1",
					"$(inherited)",
				);
				PRODUCT_NAME = "$(TARGET_NAME)";
				PUBLIC_HEADERS_FOLDER_PATH = "$(TARGET_NAME)";
				SDKROOT = iphoneos;
				SKIP_INSTALL = YES;
				VALIDATE_PRODUCT = YES;
			};
			name = Release;
		};
		BFDAAEB714264A85BC9D0AE4 /* Release */ = {
			isa = XCBuildConfiguration;
			buildSettings = {
				ALWAYS_SEARCH_USER_PATHS = NO;
				ASSETCATALOG_COMPILER_APPICON_NAME = AppIcon;
				ASSETCATALOG_COMPILER_LAUNCHIMAGE_NAME = LaunchImage;
				CLANG_CXX_LANGUAGE_STANDARD = "gnu++0x";
				CLANG_CXX_LIBRARY = "libc++";
				CLANG_ENABLE_MODULES = YES;
				CLANG_ENABLE_OBJC_ARC = YES;
				CLANG_WARN_BOOL_CONVERSION = YES;
				CLANG_WARN_CONSTANT_CONVERSION = YES;
				CLANG_WARN_DEPRECATED_OBJC_IMPLEMENTATIONS = YES;
				CLANG_WARN_DIRECT_OBJC_ISA_USAGE = YES_ERROR;
				CLANG_WARN_EMPTY_BODY = YES;
				CLANG_WARN_ENUM_CONVERSION = YES;
				CLANG_WARN_IMPLICIT_SIGN_CONVERSION = YES;
				CLANG_WARN_INT_CONVERSION = YES;
				CLANG_WARN_OBJC_IMPLICIT_RETAIN_SELF = YES;
				CLANG_WARN_OBJC_ROOT_CLASS = YES_ERROR;
				CLANG_WARN_SUSPICIOUS_IMPLICIT_CONVERSION = YES;
				"CODE_SIGN_IDENTITY[sdk=iphoneos*]" = "iPhone Developer";
				COPY_PHASE_STRIP = NO;
				ENABLE_NS_ASSERTIONS = NO;
				GCC_C_LANGUAGE_STANDARD = gnu99;
				GCC_WARN_64_TO_32_BIT_CONVERSION = YES;
				GCC_WARN_ABOUT_DEPRECATED_FUNCTIONS = YES;
				GCC_WARN_ABOUT_MISSING_FIELD_INITIALIZERS = YES;
				GCC_WARN_ABOUT_MISSING_NEWLINE = YES;
				GCC_WARN_ABOUT_RETURN_TYPE = YES;
				GCC_WARN_CHECK_SWITCH_STATEMENTS = YES;
				GCC_WARN_INITIALIZER_NOT_FULLY_BRACKETED = YES;
				GCC_WARN_MISSING_PARENTHESES = YES;
				GCC_WARN_SHADOW = YES;
				GCC_WARN_SIGN_COMPARE = YES;
				GCC_WARN_TYPECHECK_CALLS_TO_PRINTF = YES;
				GCC_WARN_UNDECLARED_SELECTOR = YES;
				GCC_WARN_UNINITIALIZED_AUTOS = YES;
				GCC_WARN_UNUSED_FUNCTION = YES;
				GCC_WARN_UNUSED_LABEL = YES;
				GCC_WARN_UNUSED_VALUE = YES;
				GCC_WARN_UNUSED_VARIABLE = YES;
				IPHONEOS_DEPLOYMENT_TARGET = 7.0;
				SDKROOT = iphoneos;
				VALIDATE_PRODUCT = YES;
			};
			name = Release;
		};
		CFFF94C38E824AF3AB99515E /* Release */ = {
			isa = XCBuildConfiguration;
			baseConfigurationReference = CBCD2E1689F64F9E97B436F4 /* Pods-unit_tests.xcconfig */;
			buildSettings = {
				BUNDLE_LOADER = "$(BUILT_PRODUCTS_DIR)/Roster.app/Roster";
				FRAMEWORK_SEARCH_PATHS = (
					"$(SDKROOT)/Developer/Library/Frameworks",
					"$(inherited)",
					"$(DEVELOPER_FRAMEWORKS_DIR)",
				);
				GCC_PREFIX_HEADER = "UnitTests/Resources/UnitTests-Prefix.pch";
				INFOPLIST_FILE = "UnitTests/Resources/UnitTests-Info.plist";
				PRODUCT_NAME = "$(TARGET_NAME)";
				SDKROOT = iphoneos;
				SKIP_INSTALL = YES;
				TEST_HOST = "$(BUNDLE_LOADER)";
				WRAPPER_EXTENSION = xctest;
			};
			name = Release;
		};
		DF6B4BA513C8420F9CA5CC5C /* Debug */ = {
			isa = XCBuildConfiguration;
			baseConfigurationReference = CBCD2E1689F64F9E97B436F4 /* Pods-unit_tests.xcconfig */;
			buildSettings = {
				BUNDLE_LOADER = "$(BUILT_PRODUCTS_DIR)/Roster.app/Roster";
				FRAMEWORK_SEARCH_PATHS = (
					"$(SDKROOT)/Developer/Library/Frameworks",
					"$(inherited)",
					"$(DEVELOPER_FRAMEWORKS_DIR)",
				);
				GCC_PREFIX_HEADER = "UnitTests/Resources/UnitTests-Prefix.pch";
				INFOPLIST_FILE = "UnitTests/Resources/UnitTests-Info.plist";
				PRODUCT_NAME = "$(TARGET_NAME)";
				SDKROOT = iphoneos;
				SKIP_INSTALL = YES;
				TEST_HOST = "$(BUNDLE_LOADER)";
				WRAPPER_EXTENSION = xctest;
			};
			name = Debug;
		};
/* End XCBuildConfiguration section */

/* Begin XCConfigurationList section */
		1EFBFD22F84D482099D8A5BE /* Build configuration list for PBXNativeTarget "Roster" */ = {
			isa = XCConfigurationList;
			buildConfigurations = (
				7E21DAF4BF78415D86967CD9 /* Release */,
				500AD029D9E54D71A221E0B7 /* Debug */,
			);
			defaultConfigurationIsVisible = 0;
			defaultConfigurationName = Release;
		};
		47BB32B628A3406DAA6F6210 /* Build configuration list for PBXNativeTarget "UnitTests" */ = {
			isa = XCConfigurationList;
			buildConfigurations = (
				CFFF94C38E824AF3AB99515E /* Release */,
				DF6B4BA513C8420F9CA5CC5C /* Debug */,
			);
			defaultConfigurationIsVisible = 0;
			defaultConfigurationName = Release;
		};
		B9771D7818C2409BAF8E6348 /* Build configuration list for PBXProject "Roster" */ = {
			isa = XCConfigurationList;
			buildConfigurations = (
				4349F064B83C41F885312E4C /* Debug */,
				BFDAAEB714264A85BC9D0AE4 /* Release */,
			);
			defaultConfigurationIsVisible = 0;
			defaultConfigurationName = Release;
		};
/* End XCConfigurationList section */
	};
	rootObject = 7229654AF96344908BE68C6D /* Project object */;
}
